
Microsoft Visual Studio Solution File, Format Version 12.00
# Visual Studio Version 16
VisualStudioVersion = 16.0.30804.86
MinimumVisualStudioVersion = 10.0.40219.1
Project("{FAE04EC0-301F-11D3-BF4B-00C04F79EFBC}") = "My Claculator", "My Claculator\My Claculator.csproj", "{A0211101-DCBD-47D9-B1E9-62B620B9FEB2}"
EndProject
Global
	GlobalSection(SolutionConfigurationPlatforms) = preSolution
		Debug|Any CPU = Debug|Any CPU
		Release|Any CPU = Release|Any CPU
	EndGlobalSection
	GlobalSection(ProjectConfigurationPlatforms) = postSolution
		{A0211101-DCBD-47D9-B1E9-62B620B9FEB2}.Debug|Any CPU.ActiveCfg = Debug|Any CPU
		{A0211101-DCBD-47D9-B1E9-62B620B9FEB2}.Debug|Any CPU.Build.0 = Debug|Any CPU
		{A0211101-DCBD-47D9-B1E9-62B620B9FEB2}.Release|Any CPU.ActiveCfg = Release|Any CPU
		{A0211101-DCBD-47D9-B1E9-62B620B9FEB2}.Release|Any CPU.Build.0 = Release|Any CPU
	EndGlobalSection
	GlobalSection(SolutionProperties) = preSolution
		HideSolutionNode = FALSE
	EndGlobalSection
	GlobalSection(ExtensibilityGlobals) = postSolution
		SolutionGuid = {DF464679-CC27-4CD6-BACE-D23702D25AF4}
	EndGlobalSection
EndGlobal
